// !$*UTF8*$!
{
	archiveVersion = 1;
	classes = {
	};
	objectVersion = 46;
	objects = {

/* Begin PBXBuildFile section */
		150FB00A1AE249F200ECD16B /* AppDelegate.swift in Sources */ = {isa = PBXBuildFile; fileRef = 150FB0091AE249F200ECD16B /* AppDelegate.swift */; };
		150FB00C1AE249F200ECD16B /* ViewController.swift in Sources */ = {isa = PBXBuildFile; fileRef = 150FB00B1AE249F200ECD16B /* ViewController.swift */; };
		150FB00F1AE249F200ECD16B /* Main.storyboard in Resources */ = {isa = PBXBuildFile; fileRef = 150FB00D1AE249F200ECD16B /* Main.storyboard */; };
		150FB0111AE249F200ECD16B /* Images.xcassets in Resources */ = {isa = PBXBuildFile; fileRef = 150FB0101AE249F200ECD16B /* Images.xcassets */; };
		150FB0141AE249F200ECD16B /* LaunchScreen.xib in Resources */ = {isa = PBXBuildFile; fileRef = 150FB0121AE249F200ECD16B /* LaunchScreen.xib */; };
		150FB0201AE249F200ECD16B /* CalculatorTests.swift in Sources */ = {isa = PBXBuildFile; fileRef = 150FB01F1AE249F200ECD16B /* CalculatorTests.swift */; };
/* End PBXBuildFile section */

/* Begin PBXContainerItemProxy section */
		150FB01A1AE249F200ECD16B /* PBXContainerItemProxy */ = {
			isa = PBXContainerItemProxy;
			containerPortal = 150FAFFC1AE249F100ECD16B /* Project object */;
			proxyType = 1;
			remoteGlobalIDString = 150FB0031AE249F100ECD16B;
			remoteInfo = Calculator;
		};
/* End PBXContainerItemProxy section */

/* Begin PBXFileReference section */
		150FB0041AE249F200ECD16B /* Calculator.app */ = {isa = PBXFileReference; explicitFileType = wrapper.application; includeInIndex = 0; path = Calculator.app; sourceTree = BUILT_PRODUCTS_DIR; };
		150FB0081AE249F200ECD16B /* Info.plist */ = {isa = PBXFileReference; lastKnownFileType = text.plist.xml; path = Info.plist; sourceTree = "<group>"; };
		150FB0091AE249F200ECD16B /* AppDelegate.swift */ = {isa = PBXFileReference; lastKnownFileType = sourcecode.swift; path = AppDelegate.swift; sourceTree = "<group>"; };
		150FB00B1AE249F200ECD16B /* ViewController.swift */ = {isa = PBXFileReference; lastKnownFileType = sourcecode.swift; path = ViewController.swift; sourceTree = "<group>"; };
		150FB00E1AE249F200ECD16B /* Base */ = {isa = PBXFileReference; lastKnownFileType = file.storyboard; name = Base; path = Base.lproj/Main.storyboard; sourceTree = "<group>"; };
		150FB0101AE249F200ECD16B /* Images.xcassets */ = {isa = PBXFileReference; lastKnownFileType = folder.assetcatalog; path = Images.xcassets; sourceTree = "<group>"; };
		150FB0131AE249F200ECD16B /* Base */ = {isa = PBXFileReference; lastKnownFileType = file.xib; name = Base; path = Base.lproj/LaunchScreen.xib; sourceTree = "<group>"; };
		150FB0191AE249F200ECD16B /* CalculatorTests.xctest */ = {isa = PBXFileReference; explicitFileType = wrapper.cfbundle; includeInIndex = 0; path = CalculatorTests.xctest; sourceTree = BUILT_PRODUCTS_DIR; };
		150FB01E1AE249F200ECD16B /* Info.plist */ = {isa = PBXFileReference; lastKnownFileType = text.plist.xml; path = Info.plist; sourceTree = "<group>"; };
		150FB01F1AE249F200ECD16B /* CalculatorTests.swift */ = {isa = PBXFileReference; lastKnownFileType = sourcecode.swift; path = CalculatorTests.swift; sourceTree = "<group>"; };
/* End PBXFileReference section */

/* Begin PBXFrameworksBuildPhase section */
		150FB0011AE249F100ECD16B /* Frameworks */ = {
			isa = PBXFrameworksBuildPhase;
			buildActionMask = 2147483647;
			files = (
			);
			runOnlyForDeploymentPostprocessing = 0;
		};
		150FB0161AE249F200ECD16B /* Frameworks */ = {
			isa = PBXFrameworksBuildPhase;
			buildActionMask = 2147483647;
			files = (
			);
			runOnlyForDeploymentPostprocessing = 0;
		};
/* End PBXFrameworksBuildPhase section */

/* Begin PBXGroup section */
		150FAFFB1AE249F100ECD16B = {
			isa = PBXGroup;
			children = (
				150FB0061AE249F200ECD16B /* Calculator */,
				150FB01C1AE249F200ECD16B /* CalculatorTests */,
				150FB0051AE249F200ECD16B /* Products */,
			);
			sourceTree = "<group>";
		};
		150FB0051AE249F200ECD16B /* Products */ = {
			isa = PBXGroup;
			children = (
				150FB0041AE249F200ECD16B /* Calculator.app */,
				150FB0191AE249F200ECD16B /* CalculatorTests.xctest */,
			);
			name = Products;
			sourceTree = "<group>";
		};
		150FB0061AE249F200ECD16B /* Calculator */ = {
			isa = PBXGroup;
			children = (
				150FB00B1AE249F200ECD16B /* ViewController.swift */,
				150FB00D1AE249F200ECD16B /* Main.storyboard */,
				150FB0071AE249F200ECD16B /* Supporting Files */,
			);
			path = Calculator;
			sourceTree = "<group>";
		};
		150FB0071AE249F200ECD16B /* Supporting Files */ = {
			isa = PBXGroup;
			children = (
				150FB0101AE249F200ECD16B /* Images.xcassets */,
				150FB0121AE249F200ECD16B /* LaunchScreen.xib */,
				150FB0091AE249F200ECD16B /* AppDelegate.swift */,
				150FB0081AE249F200ECD16B /* Info.plist */,
			);
			name = "Supporting Files";
			sourceTree = "<group>";
		};
		150FB01C1AE249F200ECD16B /* CalculatorTests */ = {
			isa = PBXGroup;
			children = (
				150FB01F1AE249F200ECD16B /* CalculatorTests.swift */,
				150FB01D1AE249F200ECD16B /* Supporting Files */,
			);
			path = CalculatorTests;
			sourceTree = "<group>";
		};
		150FB01D1AE249F200ECD16B /* Supporting Files */ = {
			isa = PBXGroup;
			children = (
				150FB01E1AE249F200ECD16B /* Info.plist */,
			);
			name = "Supporting Files";
			sourceTree = "<group>";
		};
/* End PBXGroup section */

/* Begin PBXNativeTarget section */
		150FB0031AE249F100ECD16B /* Calculator */ = {
			isa = PBXNativeTarget;
			buildConfigurationList = 150FB0231AE249F200ECD16B /* Build configuration list for PBXNativeTarget "Calculator" */;
			buildPhases = (
				150FB0001AE249F100ECD16B /* Sources */,
				150FB0011AE249F100ECD16B /* Frameworks */,
				150FB0021AE249F100ECD16B /* Resources */,
			);
			buildRules = (
			);
			dependencies = (
			);
			name = Calculator;
			productName = Calculator;
			productReference = 150FB0041AE249F200ECD16B /* Calculator.app */;
			productType = "com.apple.product-type.application";
		};
		150FB0181AE249F200ECD16B /* CalculatorTests */ = {
			isa = PBXNativeTarget;
			buildConfigurationList = 150FB0261AE249F200ECD16B /* Build configuration list for PBXNativeTarget "CalculatorTests" */;
			buildPhases = (
				150FB0151AE249F200ECD16B /* Sources */,
				150FB0161AE249F200ECD16B /* Frameworks */,
				150FB0171AE249F200ECD16B /* Resources */,
			);
			buildRules = (
			);
			dependencies = (
				150FB01B1AE249F200ECD16B /* PBXTargetDependency */,
			);
			name = CalculatorTests;
			productName = CalculatorTests;
			productReference = 150FB0191AE249F200ECD16B /* CalculatorTests.xctest */;
			productType = "com.apple.product-type.bundle.unit-test";
		};
/* End PBXNativeTarget section */

/* Begin PBXProject section */
		150FAFFC1AE249F100ECD16B /* Project object */ = {
			isa = PBXProject;
			attributes = {
				LastUpgradeCheck = 0630;
				ORGANIZATIONNAME = "马斯特";
				TargetAttributes = {
					150FB0031AE249F100ECD16B = {
						CreatedOnToolsVersion = 6.3;
					};
					150FB0181AE249F200ECD16B = {
						CreatedOnToolsVersion = 6.3;
						TestTargetID = 150FB0031AE249F100ECD16B;
					};
				};
			};
			buildConfigurationList = 150FAFFF1AE249F100ECD16B /* Build configuration list for PBXProject "Calculator" */;
			compatibilityVersion = "Xcode 3.2";
			developmentRegion = English;
			hasScannedForEncodings = 0;
			knownRegions = (
				en,
				Base,
			);
			mainGroup = 150FAFFB1AE249F100ECD16B;
			productRefGroup = 150FB0051AE249F200ECD16B /* Products */;
			projectDirPath = "";
			projectRoot = "";
			targets = (
				150FB0031AE249F100ECD16B /* Calculator */,
				150FB0181AE249F200ECD16B /* CalculatorTests */,
			);
		};
/* End PBXProject section */

/* Begin PBXResourcesBuildPhase section */
		150FB0021AE249F100ECD16B /* Resources */ = {
			isa = PBXResourcesBuildPhase;
			buildActionMask = 2147483647;
			files = (
				150FB00F1AE249F200ECD16B /* Main.storyboard in Resources */,
				150FB0141AE249F200ECD16B /* LaunchScreen.xib in Resources */,
				150FB0111AE249F200ECD16B /* Images.xcassets in Resources */,
			);
			runOnlyForDeploymentPostprocessing = 0;
		};
		150FB0171AE249F200ECD16B /* Resources */ = {
			isa = PBXResourcesBuildPhase;
			buildActionMask = 2147483647;
			files = (
			);
			runOnlyForDeploymentPostprocessing = 0;
		};
/* End PBXResourcesBuildPhase section */

/* Begin PBXSourcesBuildPhase section */
		150FB0001AE249F100ECD16B /* Sources */ = {
			isa = PBXSourcesBuildPhase;
			buildActionMask = 2147483647;
			files = (
				150FB00C1AE249F200ECD16B /* ViewController.swift in Sources */,
				150FB00A1AE249F200ECD16B /* AppDelegate.swift in Sources */,
			);
			runOnlyForDeploymentPostprocessing = 0;
		};
		150FB0151AE249F200ECD16B /* Sources */ = {
			isa = PBXSourcesBuildPhase;
			buildActionMask = 2147483647;
			files = (
				150FB0201AE249F200ECD16B /* CalculatorTests.swift in Sources */,
			);
			runOnlyForDeploymentPostprocessing = 0;
		};
/* End PBXSourcesBuildPhase section */

/* Begin PBXTargetDependency section */
		150FB01B1AE249F200ECD16B /* PBXTargetDependency */ = {
			isa = PBXTargetDependency;
			target = 150FB0031AE249F100ECD16B /* Calculator */;
			targetProxy = 150FB01A1AE249F200ECD16B /* PBXContainerItemProxy */;
		};
/* End PBXTargetDependency section */

/* Begin PBXVariantGroup section */
		150FB00D1AE249F200ECD16B /* Main.storyboard */ = {
			isa = PBXVariantGroup;
			children = (
				150FB00E1AE249F200ECD16B /* Base */,
			);
			name = Main.storyboard;
			sourceTree = "<group>";
		};
		150FB0121AE249F200ECD16B /* LaunchScreen.xib */ = {
			isa = PBXVariantGroup;
			children = (
				150FB0131AE249F200ECD16B /* Base */,
			);
			name = LaunchScreen.xib;
			sourceTree = "<group>";
		};
/* End PBXVariantGroup section */

/* Begin XCBuildConfiguration section */
		150FB0211AE249F200ECD16B /* Debug */ = {
			isa = XCBuildConfiguration;
			buildSettings = {
				ALWAYS_SEARCH_USER_PATHS = NO;
				CLANG_CXX_LANGUAGE_STANDARD = "gnu++0x";
				CLANG_CXX_LIBRARY = "libc++";
				CLANG_ENABLE_MODULES = YES;
				CLANG_ENABLE_OBJC_ARC = YES;
				CLANG_WARN_BOOL_CONVERSION = YES;
				CLANG_WARN_CONSTANT_CONVERSION = YES;
				CLANG_WARN_DIRECT_OBJC_ISA_USAGE = YES_ERROR;
				CLANG_WARN_EMPTY_BODY = YES;
				CLANG_WARN_ENUM_CONVERSION = YES;
				CLANG_WARN_INT_CONVERSION = YES;
				CLANG_WARN_OBJC_ROOT_CLASS = YES_ERROR;
				CLANG_WARN_UNREACHABLE_CODE = YES;
				CLANG_WARN__DUPLICATE_METHOD_MATCH = YES;
				"CODE_SIGN_IDENTITY[sdk=iphoneos*]" = "iPhone Developer";
				COPY_PHASE_STRIP = NO;
				DEBUG_INFORMATION_FORMAT = "dwarf-with-dsym";
				ENABLE_STRICT_OBJC_MSGSEND = YES;
				GCC_C_LANGUAGE_STANDARD = gnu99;
				GCC_DYNAMIC_NO_PIC = NO;
				GCC_NO_COMMON_BLOCKS = YES;
				GCC_OPTIMIZATION_LEVEL = 0;
				GCC_PREPROCESSOR_DEFINITIONS = (
					"DEBUG=1",
					"$(inherited)",
				);
				GCC_SYMBOLS_PRIVATE_EXTERN = NO;
				GCC_WARN_64_TO_32_BIT_CONVERSION = YES;
				GCC_WARN_ABOUT_RETURN_TYPE = YES_ERROR;
				GCC_WARN_UNDECLARED_SELECTOR = YES;
				GCC_WARN_UNINITIALIZED_AUTOS = YES_AGGRESSIVE;
				GCC_WARN_UNUSED_FUNCTION = YES;
				GCC_WARN_UNUSED_VARIABLE = YES;
				IPHONEOS_DEPLOYMENT_TARGET = 8.3;
				MTL_ENABLE_DEBUG_INFO = YES;
				ONLY_ACTIVE_ARCH = YES;
				SDKROOT = iphoneos;
				SWIFT_OPTIMIZATION_LEVEL = "-Onone";
				TARGETED_DEVICE_FAMILY = "1,2";
			};
			name = Debug;
		};
		150FB0221AE249F200ECD16B /* Release */ = {
			isa = XCBuildConfiguration;
			buildSettings = {
				ALWAYS_SEARCH_USER_PATHS = NO;
				CLANG_CXX_LANGUAGE_STANDARD = "gnu++0x";
				CLANG_CXX_LIBRARY = "libc++";
				CLANG_ENABLE_MODULES = YES;
				CLANG_ENABLE_OBJC_ARC = YES;
				CLANG_WARN_BOOL_CONVERSION = YES;
				CLANG_WARN_CONSTANT_CONVERSION = YES;
				CLANG_WARN_DIRECT_OBJC_ISA_USAGE = YES_ERROR;
				CLANG_WARN_EMPTY_BODY = YES;
				CLANG_WARN_ENUM_CONVERSION = YES;
				CLANG_WARN_INT_CONVERSION = YES;
				CLANG_WARN_OBJC_ROOT_CLASS = YES_ERROR;
				CLANG_WARN_UNREACHABLE_CODE = YES;
				CLANG_WARN__DUPLICATE_METHOD_MATCH = YES;
				"CODE_SIGN_IDENTITY[sdk=iphoneos*]" = "iPhone Developer";
				COPY_PHASE_STRIP = NO;
				DEBUG_INFORMATION_FORMAT = "dwarf-with-dsym";
				ENABLE_NS_ASSERTIONS = NO;
				ENABLE_STRICT_OBJC_MSGSEND = YES;
				GCC_C_LANGUAGE_STANDARD = gnu99;
				GCC_NO_COMMON_BLOCKS = YES;
				GCC_WARN_64_TO_32_BIT_CONVERSION = YES;
				GCC_WARN_ABOUT_RETURN_TYPE = YES_ERROR;
				GCC_WARN_UNDECLARED_SELECTOR = YES;
				GCC_WARN_UNINITIALIZED_AUTOS = YES_AGGRESSIVE;
				GCC_WARN_UNUSED_FUNCTION = YES;
				GCC_WARN_UNUSED_VARIABLE = YES;
				IPHONEOS_DEPLOYMENT_TARGET = 8.3;
				MTL_ENABLE_DEBUG_INFO = NO;
				SDKROOT = iphoneos;
				TARGETED_DEVICE_FAMILY = "1,2";
				VALIDATE_PRODUCT = YES;
			};
			name = Release;
		};
		150FB0241AE249F200ECD16B /* Debug */ = {
			isa = XCBuildConfiguration;
			buildSettings = {
				ASSETCATALOG_COMPILER_APPICON_NAME = AppIcon;
				INFOPLIST_FILE = Calculator/Info.plist;
				LD_RUNPATH_SEARCH_PATHS = "$(inherited) @executable_path/Frameworks";
				PRODUCT_NAME = "$(TARGET_NAME)";
			};
			name = Debug;
		};
		150FB0251AE249F200ECD16B /* Release */ = {
			isa = XCBuildConfiguration;
			buildSettings = {
				ASSETCATALOG_COMPILER_APPICON_NAME = AppIcon;
				INFOPLIST_FILE = Calculator/Info.plist;
				LD_RUNPATH_SEARCH_PATHS = "$(inherited) @executable_path/Frameworks";
				PRODUCT_NAME = "$(TARGET_NAME)";
			};
			name = Release;
		};
		150FB0271AE249F200ECD16B /* Debug */ = {
			isa = XCBuildConfiguration;
			buildSettings = {
				BUNDLE_LOADER = "$(TEST_HOST)";
				FRAMEWORK_SEARCH_PATHS = (
					"$(SDKROOT)/Developer/Library/Frameworks",
					"$(inherited)",
				);
				GCC_PREPROCESSOR_DEFINITIONS = (
					"DEBUG=1",
					"$(inherited)",
				);
				INFOPLIST_FILE = CalculatorTests/Info.plist;
				LD_RUNPATH_SEARCH_PATHS = "$(inherited) @executable_path/Frameworks @loader_path/Frameworks";
				PRODUCT_NAME = "$(TARGET_NAME)";
				TEST_HOST = "$(BUILT_PRODUCTS_DIR)/Calculator.app/Calculator";
			};
			name = Debug;
		};
		150FB0281AE249F200ECD16B /* Release */ = {
			isa = XCBuildConfiguration;
			buildSettings = {
				BUNDLE_LOADER = "$(TEST_HOST)";
				FRAMEWORK_SEARCH_PATHS = (
					"$(SDKROOT)/Developer/Library/Frameworks",
					"$(inherited)",
				);
				INFOPLIST_FILE = CalculatorTests/Info.plist;
				LD_RUNPATH_SEARCH_PATHS = "$(inherited) @executable_path/Frameworks @loader_path/Frameworks";
				PRODUCT_NAME = "$(TARGET_NAME)";
				TEST_HOST = "$(BUILT_PRODUCTS_DIR)/Calculator.app/Calculator";
			};
			name = Release;
		};
/* End XCBuildConfiguration section */

/* Begin XCConfigurationList section */
		150FAFFF1AE249F100ECD16B /* Build configuration list for PBXProject "Calculator" */ = {
			isa = XCConfigurationList;
			buildConfigurations = (
				150FB0211AE249F200ECD16B /* Debug */,
				150FB0221AE249F200ECD16B /* Release */,
			);
			defaultConfigurationIsVisible = 0;
			defaultConfigurationName = Release;
		};
		150FB0231AE249F200ECD16B /* Build configuration list for PBXNativeTarget "Calculator" */ = {
			isa = XCConfigurationList;
			buildConfigurations = (
				150FB0241AE249F200ECD16B /* Debug */,
				150FB0251AE249F200ECD16B /* Release */,
			);
			defaultConfigurationIsVisible = 0;
		};
		150FB0261AE249F200ECD16B /* Build configuration list for PBXNativeTarget "CalculatorTests" */ = {
			isa = XCConfigurationList;
			buildConfigurations = (
				150FB0271AE249F200ECD16B /* Debug */,
				150FB0281AE249F200ECD16B /* Release */,
			);
			defaultConfigurationIsVisible = 0;
		};
/* End XCConfigurationList section */
	};
	rootObject = 150FAFFC1AE249F100ECD16B /* Project object */;
}
